
Microsoft Visual Studio Solution File, Format Version 12.00
# Visual Studio Version 17
VisualStudioVersion = 17.3.32804.467
MinimumVisualStudioVersion = 10.0.40219.1
Project("{9A19103F-16F7-4668-BE54-9A1E7A4F7556}") = "ByteBank.Atendimiento", "ByteBank.Atendimiento\ByteBank.Atendimiento.csproj", "{452782EA-4645-4F73-A8E7-F8F88144B463}"
EndProject
Project("{FAE04EC0-301F-11D3-BF4B-00C04F79EFBC}") = "ByteBank.Modelos", "ByteBank.Modelos\ByteBank.Modelos.csproj", "{333F250B-83EB-426E-A3DF-7B13103D7D95}"
EndProject
Global
	GlobalSection(SolutionConfigurationPlatforms) = preSolution
		Debug|Any CPU = Debug|Any CPU
		Release|Any CPU = Release|Any CPU
	EndGlobalSection
	GlobalSection(ProjectConfigurationPlatforms) = postSolution
		{452782EA-4645-4F73-A8E7-F8F88144B463}.Debug|Any CPU.ActiveCfg = Debug|Any CPU
		{452782EA-4645-4F73-A8E7-F8F88144B463}.Debug|Any CPU.Build.0 = Debug|Any CPU
		{452782EA-4645-4F73-A8E7-F8F88144B463}.Release|Any CPU.ActiveCfg = Release|Any CPU
		{452782EA-4645-4F73-A8E7-F8F88144B463}.Release|Any CPU.Build.0 = Release|Any CPU
		{333F250B-83EB-426E-A3DF-7B13103D7D95}.Debug|Any CPU.ActiveCfg = Debug|Any CPU
		{333F250B-83EB-426E-A3DF-7B13103D7D95}.Debug|Any CPU.Build.0 = Debug|Any CPU
		{333F250B-83EB-426E-A3DF-7B13103D7D95}.Release|Any CPU.ActiveCfg = Release|Any CPU
		{333F250B-83EB-426E-A3DF-7B13103D7D95}.Release|Any CPU.Build.0 = Release|Any CPU
	EndGlobalSection
	GlobalSection(SolutionProperties) = preSolution
		HideSolutionNode = FALSE
	EndGlobalSection
	GlobalSection(ExtensibilityGlobals) = postSolution
		SolutionGuid = {DA3CB719-B47C-42A5-8CA9-C1A5BD3B7C11}
	EndGlobalSection
EndGlobal
