
Microsoft Visual Studio Solution File, Format Version 12.00
# Visual Studio Version 17
VisualStudioVersion = 17.3.32804.467
MinimumVisualStudioVersion = 10.0.40219.1
Project("{FAE04EC0-301F-11D3-BF4B-00C04F79EFBC}") = "AppLlaves", "AppLlaves\AppLlaves.csproj", "{3B151360-1019-44E9-BC51-003D4E8C330C}"
EndProject
Global
	GlobalSection(SolutionConfigurationPlatforms) = preSolution
		Debug|Any CPU = Debug|Any CPU
		Release|Any CPU = Release|Any CPU
	EndGlobalSection
	GlobalSection(ProjectConfigurationPlatforms) = postSolution
		{3B151360-1019-44E9-BC51-003D4E8C330C}.Debug|Any CPU.ActiveCfg = Debug|Any CPU
		{3B151360-1019-44E9-BC51-003D4E8C330C}.Debug|Any CPU.Build.0 = Debug|Any CPU
		{3B151360-1019-44E9-BC51-003D4E8C330C}.Release|Any CPU.ActiveCfg = Release|Any CPU
		{3B151360-1019-44E9-BC51-003D4E8C330C}.Release|Any CPU.Build.0 = Release|Any CPU
	EndGlobalSection
	GlobalSection(SolutionProperties) = preSolution
		HideSolutionNode = FALSE
	EndGlobalSection
	GlobalSection(ExtensibilityGlobals) = postSolution
		SolutionGuid = {72E39B45-4FE2-4226-8FAC-F4E440DA9405}
	EndGlobalSection
EndGlobal
