
Microsoft Visual Studio Solution File, Format Version 12.00
# Visual Studio Version 17
VisualStudioVersion = 17.3.32804.467
MinimumVisualStudioVersion = 10.0.40219.1
Project("{FAE04EC0-301F-11D3-BF4B-00C04F79EFBC}") = "GeneradorLlaves", "GeneradorLlaves\GeneradorLlaves.csproj", "{78444F0A-17D5-4FC2-995F-026B1B62E6B3}"
EndProject
Global
	GlobalSection(SolutionConfigurationPlatforms) = preSolution
		Debug|Any CPU = Debug|Any CPU
		Release|Any CPU = Release|Any CPU
	EndGlobalSection
	GlobalSection(ProjectConfigurationPlatforms) = postSolution
		{78444F0A-17D5-4FC2-995F-026B1B62E6B3}.Debug|Any CPU.ActiveCfg = Debug|Any CPU
		{78444F0A-17D5-4FC2-995F-026B1B62E6B3}.Debug|Any CPU.Build.0 = Debug|Any CPU
		{78444F0A-17D5-4FC2-995F-026B1B62E6B3}.Release|Any CPU.ActiveCfg = Release|Any CPU
		{78444F0A-17D5-4FC2-995F-026B1B62E6B3}.Release|Any CPU.Build.0 = Release|Any CPU
	EndGlobalSection
	GlobalSection(SolutionProperties) = preSolution
		HideSolutionNode = FALSE
	EndGlobalSection
	GlobalSection(ExtensibilityGlobals) = postSolution
		SolutionGuid = {6940F989-007D-493A-88C1-D875A114D160}
	EndGlobalSection
EndGlobal
